// !$*UTF8*$!
{
	archiveVersion = 1;
	classes = {
	};
	objectVersion = 50;
	objects = {

/* Begin PBXBuildFile section */
		A737D7A024BE0336000B375D /* AppDelegate.swift in Sources */ = {isa = PBXBuildFile; fileRef = A737D79F24BE0336000B375D /* AppDelegate.swift */; };
		A737D7A224BE0336000B375D /* SceneDelegate.swift in Sources */ = {isa = PBXBuildFile; fileRef = A737D7A124BE0336000B375D /* SceneDelegate.swift */; };
		A737D7A424BE0336000B375D /* ViewController.swift in Sources */ = {isa = PBXBuildFile; fileRef = A737D7A324BE0336000B375D /* ViewController.swift */; };
		A737D7A724BE0336000B375D /* Main.storyboard in Resources */ = {isa = PBXBuildFile; fileRef = A737D7A524BE0336000B375D /* Main.storyboard */; };
		A737D7A924BE0338000B375D /* Assets.xcassets in Resources */ = {isa = PBXBuildFile; fileRef = A737D7A824BE0338000B375D /* Assets.xcassets */; };
		A737D7AC24BE0338000B375D /* LaunchScreen.storyboard in Resources */ = {isa = PBXBuildFile; fileRef = A737D7AA24BE0338000B375D /* LaunchScreen.storyboard */; };
		A737D7B524BE04ED000B375D /* BLE_Module.swift in Sources */ = {isa = PBXBuildFile; fileRef = A737D7B424BE04ED000B375D /* BLE_Module.swift */; };
		A737D7B824BE061D000B375D /* BLE_Identifiers.swift in Sources */ = {isa = PBXBuildFile; fileRef = A737D7B624BE061D000B375D /* BLE_Identifiers.swift */; };
		A737D7B924BE061D000B375D /* customNotifications.swift in Sources */ = {isa = PBXBuildFile; fileRef = A737D7B724BE061D000B375D /* customNotifications.swift */; };
		A737D7BB24BE062A000B375D /* OpenerData.swift in Sources */ = {isa = PBXBuildFile; fileRef = A737D7BA24BE0629000B375D /* OpenerData.swift */; };
/* End PBXBuildFile section */

/* Begin PBXFileReference section */
		A737D79C24BE0336000B375D /* GarageOpener.app */ = {isa = PBXFileReference; explicitFileType = wrapper.application; includeInIndex = 0; path = GarageOpener.app; sourceTree = BUILT_PRODUCTS_DIR; };
		A737D79F24BE0336000B375D /* AppDelegate.swift */ = {isa = PBXFileReference; lastKnownFileType = sourcecode.swift; path = AppDelegate.swift; sourceTree = "<group>"; };
		A737D7A124BE0336000B375D /* SceneDelegate.swift */ = {isa = PBXFileReference; lastKnownFileType = sourcecode.swift; path = SceneDelegate.swift; sourceTree = "<group>"; };
		A737D7A324BE0336000B375D /* ViewController.swift */ = {isa = PBXFileReference; lastKnownFileType = sourcecode.swift; path = ViewController.swift; sourceTree = "<group>"; };
		A737D7A624BE0336000B375D /* Base */ = {isa = PBXFileReference; lastKnownFileType = file.storyboard; name = Base; path = Base.lproj/Main.storyboard; sourceTree = "<group>"; };
		A737D7A824BE0338000B375D /* Assets.xcassets */ = {isa = PBXFileReference; lastKnownFileType = folder.assetcatalog; path = Assets.xcassets; sourceTree = "<group>"; };
		A737D7AB24BE0338000B375D /* Base */ = {isa = PBXFileReference; lastKnownFileType = file.storyboard; name = Base; path = Base.lproj/LaunchScreen.storyboard; sourceTree = "<group>"; };
		A737D7AD24BE0338000B375D /* Info.plist */ = {isa = PBXFileReference; lastKnownFileType = text.plist.xml; path = Info.plist; sourceTree = "<group>"; };
		A737D7B424BE04ED000B375D /* BLE_Module.swift */ = {isa = PBXFileReference; fileEncoding = 4; lastKnownFileType = sourcecode.swift; name = BLE_Module.swift; path = ../../../Alexis/Bildung/Master/Master_Thesis/rehpeapp_v2_henrik_maurenbrecher/ForcePedalGuiv2/Resources/BLEHandler/BLE_Module.swift; sourceTree = "<group>"; };
		A737D7B624BE061D000B375D /* BLE_Identifiers.swift */ = {isa = PBXFileReference; fileEncoding = 4; lastKnownFileType = sourcecode.swift; name = BLE_Identifiers.swift; path = ../../../Alexis/Bildung/Master/Master_Thesis/rehpeapp_v2_henrik_maurenbrecher/ForcePedalGuiv2/Resources/BLEHandler/BLE_Identifiers.swift; sourceTree = "<group>"; };
		A737D7B724BE061D000B375D /* customNotifications.swift */ = {isa = PBXFileReference; fileEncoding = 4; lastKnownFileType = sourcecode.swift; name = customNotifications.swift; path = ../../../Alexis/Bildung/Master/Master_Thesis/rehpeapp_v2_henrik_maurenbrecher/ForcePedalGuiv2/Resources/BLEHandler/customNotifications.swift; sourceTree = "<group>"; };
		A737D7BA24BE0629000B375D /* OpenerData.swift */ = {isa = PBXFileReference; fileEncoding = 4; lastKnownFileType = sourcecode.swift; name = OpenerData.swift; path = ../../../Alexis/Bildung/Master/Master_Thesis/rehpeapp_v2_henrik_maurenbrecher/ForcePedalGuiv2/Resources/BLEHandler/OpenerData.swift; sourceTree = "<group>"; };
/* End PBXFileReference section */

/* Begin PBXFrameworksBuildPhase section */
		A737D79924BE0336000B375D /* Frameworks */ = {
			isa = PBXFrameworksBuildPhase;
			buildActionMask = 2147483647;
			files = (
			);
			runOnlyForDeploymentPostprocessing = 0;
		};
/* End PBXFrameworksBuildPhase section */

/* Begin PBXGroup section */
		A737D79324BE0336000B375D = {
			isa = PBXGroup;
			children = (
				A737D79E24BE0336000B375D /* GarageOpener */,
				A737D79D24BE0336000B375D /* Products */,
			);
			sourceTree = "<group>";
		};
		A737D79D24BE0336000B375D /* Products */ = {
			isa = PBXGroup;
			children = (
				A737D79C24BE0336000B375D /* GarageOpener.app */,
			);
			name = Products;
			sourceTree = "<group>";
		};
		A737D79E24BE0336000B375D /* GarageOpener */ = {
			isa = PBXGroup;
			children = (
				A737D79F24BE0336000B375D /* AppDelegate.swift */,
				A737D7B324BE0473000B375D /* Bluetooth */,
				A737D7A124BE0336000B375D /* SceneDelegate.swift */,
				A737D7A324BE0336000B375D /* ViewController.swift */,
				A737D7A524BE0336000B375D /* Main.storyboard */,
				A737D7A824BE0338000B375D /* Assets.xcassets */,
				A737D7AA24BE0338000B375D /* LaunchScreen.storyboard */,
				A737D7AD24BE0338000B375D /* Info.plist */,
			);
			path = GarageOpener;
			sourceTree = "<group>";
		};
		A737D7B324BE0473000B375D /* Bluetooth */ = {
			isa = PBXGroup;
			children = (
				A737D7B624BE061D000B375D /* BLE_Identifiers.swift */,
				A737D7BA24BE0629000B375D /* OpenerData.swift */,
				A737D7B724BE061D000B375D /* customNotifications.swift */,
				A737D7B424BE04ED000B375D /* BLE_Module.swift */,
			);
			path = Bluetooth;
			sourceTree = "<group>";
		};
/* End PBXGroup section */

/* Begin PBXNativeTarget section */
		A737D79B24BE0336000B375D /* GarageOpener */ = {
			isa = PBXNativeTarget;
			buildConfigurationList = A737D7B024BE0338000B375D /* Build configuration list for PBXNativeTarget "GarageOpener" */;
			buildPhases = (
				A737D79824BE0336000B375D /* Sources */,
				A737D79924BE0336000B375D /* Frameworks */,
				A737D79A24BE0336000B375D /* Resources */,
			);
			buildRules = (
			);
			dependencies = (
			);
			name = GarageOpener;
			productName = GarageOpener;
			productReference = A737D79C24BE0336000B375D /* GarageOpener.app */;
			productType = "com.apple.product-type.application";
		};
/* End PBXNativeTarget section */

/* Begin PBXProject section */
		A737D79424BE0336000B375D /* Project object */ = {
			isa = PBXProject;
			attributes = {
				LastSwiftUpdateCheck = 1150;
				LastUpgradeCheck = 1150;
				ORGANIZATIONNAME = "Alexis Müller";
				TargetAttributes = {
					A737D79B24BE0336000B375D = {
						CreatedOnToolsVersion = 11.5;
					};
				};
			};
			buildConfigurationList = A737D79724BE0336000B375D /* Build configuration list for PBXProject "GarageOpener" */;
			compatibilityVersion = "Xcode 9.3";
			developmentRegion = en;
			hasScannedForEncodings = 0;
			knownRegions = (
				en,
				Base,
			);
			mainGroup = A737D79324BE0336000B375D;
			productRefGroup = A737D79D24BE0336000B375D /* Products */;
			projectDirPath = "";
			projectRoot = "";
			targets = (
				A737D79B24BE0336000B375D /* GarageOpener */,
			);
		};
/* End PBXProject section */

/* Begin PBXResourcesBuildPhase section */
		A737D79A24BE0336000B375D /* Resources */ = {
			isa = PBXResourcesBuildPhase;
			buildActionMask = 2147483647;
			files = (
				A737D7AC24BE0338000B375D /* LaunchScreen.storyboard in Resources */,
				A737D7A924BE0338000B375D /* Assets.xcassets in Resources */,
				A737D7A724BE0336000B375D /* Main.storyboard in Resources */,
			);
			runOnlyForDeploymentPostprocessing = 0;
		};
/* End PBXResourcesBuildPhase section */

/* Begin PBXSourcesBuildPhase section */
		A737D79824BE0336000B375D /* Sources */ = {
			isa = PBXSourcesBuildPhase;
			buildActionMask = 2147483647;
			files = (
				A737D7A424BE0336000B375D /* ViewController.swift in Sources */,
				A737D7B924BE061D000B375D /* customNotifications.swift in Sources */,
				A737D7A024BE0336000B375D /* AppDelegate.swift in Sources */,
				A737D7A224BE0336000B375D /* SceneDelegate.swift in Sources */,
				A737D7B824BE061D000B375D /* BLE_Identifiers.swift in Sources */,
				A737D7B524BE04ED000B375D /* BLE_Module.swift in Sources */,
				A737D7BB24BE062A000B375D /* OpenerData.swift in Sources */,
			);
			runOnlyForDeploymentPostprocessing = 0;
		};
/* End PBXSourcesBuildPhase section */

/* Begin PBXVariantGroup section */
		A737D7A524BE0336000B375D /* Main.storyboard */ = {
			isa = PBXVariantGroup;
			children = (
				A737D7A624BE0336000B375D /* Base */,
			);
			name = Main.storyboard;
			sourceTree = "<group>";
		};
		A737D7AA24BE0338000B375D /* LaunchScreen.storyboard */ = {
			isa = PBXVariantGroup;
			children = (
				A737D7AB24BE0338000B375D /* Base */,
			);
			name = LaunchScreen.storyboard;
			sourceTree = "<group>";
		};
/* End PBXVariantGroup section */

/* Begin XCBuildConfiguration section */
		A737D7AE24BE0338000B375D /* Debug */ = {
			isa = XCBuildConfiguration;
			buildSettings = {
				ALWAYS_SEARCH_USER_PATHS = NO;
				CLANG_ANALYZER_NONNULL = YES;
				CLANG_ANALYZER_NUMBER_OBJECT_CONVERSION = YES_AGGRESSIVE;
				CLANG_CXX_LANGUAGE_STANDARD = "gnu++14";
				CLANG_CXX_LIBRARY = "libc++";
				CLANG_ENABLE_MODULES = YES;
				CLANG_ENABLE_OBJC_ARC = YES;
				CLANG_ENABLE_OBJC_WEAK = YES;
				CLANG_WARN_BLOCK_CAPTURE_AUTORELEASING = YES;
				CLANG_WARN_BOOL_CONVERSION = YES;
				CLANG_WARN_COMMA = YES;
				CLANG_WARN_CONSTANT_CONVERSION = YES;
				CLANG_WARN_DEPRECATED_OBJC_IMPLEMENTATIONS = YES;
				CLANG_WARN_DIRECT_OBJC_ISA_USAGE = YES_ERROR;
				CLANG_WARN_DOCUMENTATION_COMMENTS = YES;
				CLANG_WARN_EMPTY_BODY = YES;
				CLANG_WARN_ENUM_CONVERSION = YES;
				CLANG_WARN_INFINITE_RECURSION = YES;
				CLANG_WARN_INT_CONVERSION = YES;
				CLANG_WARN_NON_LITERAL_NULL_CONVERSION = YES;
				CLANG_WARN_OBJC_IMPLICIT_RETAIN_SELF = YES;
				CLANG_WARN_OBJC_LITERAL_CONVERSION = YES;
				CLANG_WARN_OBJC_ROOT_CLASS = YES_ERROR;
				CLANG_WARN_RANGE_LOOP_ANALYSIS = YES;
				CLANG_WARN_STRICT_PROTOTYPES = YES;
				CLANG_WARN_SUSPICIOUS_MOVE = YES;
				CLANG_WARN_UNGUARDED_AVAILABILITY = YES_AGGRESSIVE;
				CLANG_WARN_UNREACHABLE_CODE = YES;
				CLANG_WARN__DUPLICATE_METHOD_MATCH = YES;
				COPY_PHASE_STRIP = NO;
				DEBUG_INFORMATION_FORMAT = dwarf;
				ENABLE_STRICT_OBJC_MSGSEND = YES;
				ENABLE_TESTABILITY = YES;
				GCC_C_LANGUAGE_STANDARD = gnu11;
				GCC_DYNAMIC_NO_PIC = NO;
				GCC_NO_COMMON_BLOCKS = YES;
				GCC_OPTIMIZATION_LEVEL = 0;
				GCC_PREPROCESSOR_DEFINITIONS = (
					"DEBUG=1",
					"$(inherited)",
				);
				GCC_WARN_64_TO_32_BIT_CONVERSION = YES;
				GCC_WARN_ABOUT_RETURN_TYPE = YES_ERROR;
				GCC_WARN_UNDECLARED_SELECTOR = YES;
				GCC_WARN_UNINITIALIZED_AUTOS = YES_AGGRESSIVE;
				GCC_WARN_UNUSED_FUNCTION = YES;
				GCC_WARN_UNUSED_VARIABLE = YES;
				IPHONEOS_DEPLOYMENT_TARGET = 13.5;
				MTL_ENABLE_DEBUG_INFO = INCLUDE_SOURCE;
				MTL_FAST_MATH = YES;
				ONLY_ACTIVE_ARCH = YES;
				SDKROOT = iphoneos;
				SWIFT_ACTIVE_COMPILATION_CONDITIONS = DEBUG;
				SWIFT_OPTIMIZATION_LEVEL = "-Onone";
			};
			name = Debug;
		};
		A737D7AF24BE0338000B375D /* Release */ = {
			isa = XCBuildConfiguration;
			buildSettings = {
				ALWAYS_SEARCH_USER_PATHS = NO;
				CLANG_ANALYZER_NONNULL = YES;
				CLANG_ANALYZER_NUMBER_OBJECT_CONVERSION = YES_AGGRESSIVE;
				CLANG_CXX_LANGUAGE_STANDARD = "gnu++14";
				CLANG_CXX_LIBRARY = "libc++";
				CLANG_ENABLE_MODULES = YES;
				CLANG_ENABLE_OBJC_ARC = YES;
				CLANG_ENABLE_OBJC_WEAK = YES;
				CLANG_WARN_BLOCK_CAPTURE_AUTORELEASING = YES;
				CLANG_WARN_BOOL_CONVERSION = YES;
				CLANG_WARN_COMMA = YES;
				CLANG_WARN_CONSTANT_CONVERSION = YES;
				CLANG_WARN_DEPRECATED_OBJC_IMPLEMENTATIONS = YES;
				CLANG_WARN_DIRECT_OBJC_ISA_USAGE = YES_ERROR;
				CLANG_WARN_DOCUMENTATION_COMMENTS = YES;
				CLANG_WARN_EMPTY_BODY = YES;
				CLANG_WARN_ENUM_CONVERSION = YES;
				CLANG_WARN_INFINITE_RECURSION = YES;
				CLANG_WARN_INT_CONVERSION = YES;
				CLANG_WARN_NON_LITERAL_NULL_CONVERSION = YES;
				CLANG_WARN_OBJC_IMPLICIT_RETAIN_SELF = YES;
				CLANG_WARN_OBJC_LITERAL_CONVERSION = YES;
				CLANG_WARN_OBJC_ROOT_CLASS = YES_ERROR;
				CLANG_WARN_RANGE_LOOP_ANALYSIS = YES;
				CLANG_WARN_STRICT_PROTOTYPES = YES;
				CLANG_WARN_SUSPICIOUS_MOVE = YES;
				CLANG_WARN_UNGUARDED_AVAILABILITY = YES_AGGRESSIVE;
				CLANG_WARN_UNREACHABLE_CODE = YES;
				CLANG_WARN__DUPLICATE_METHOD_MATCH = YES;
				COPY_PHASE_STRIP = NO;
				DEBUG_INFORMATION_FORMAT = "dwarf-with-dsym";
				ENABLE_NS_ASSERTIONS = NO;
				ENABLE_STRICT_OBJC_MSGSEND = YES;
				GCC_C_LANGUAGE_STANDARD = gnu11;
				GCC_NO_COMMON_BLOCKS = YES;
				GCC_WARN_64_TO_32_BIT_CONVERSION = YES;
				GCC_WARN_ABOUT_RETURN_TYPE = YES_ERROR;
				GCC_WARN_UNDECLARED_SELECTOR = YES;
				GCC_WARN_UNINITIALIZED_AUTOS = YES_AGGRESSIVE;
				GCC_WARN_UNUSED_FUNCTION = YES;
				GCC_WARN_UNUSED_VARIABLE = YES;
				IPHONEOS_DEPLOYMENT_TARGET = 13.5;
				MTL_ENABLE_DEBUG_INFO = NO;
				MTL_FAST_MATH = YES;
				SDKROOT = iphoneos;
				SWIFT_COMPILATION_MODE = wholemodule;
				SWIFT_OPTIMIZATION_LEVEL = "-O";
				VALIDATE_PRODUCT = YES;
			};
			name = Release;
		};
		A737D7B124BE0338000B375D /* Debug */ = {
			isa = XCBuildConfiguration;
			buildSettings = {
				ASSETCATALOG_COMPILER_APPICON_NAME = AppIcon;
				CODE_SIGN_STYLE = Automatic;
				DEVELOPMENT_TEAM = WSWMU42858;
				INFOPLIST_FILE = GarageOpener/Info.plist;
				LD_RUNPATH_SEARCH_PATHS = (
					"$(inherited)",
					"@executable_path/Frameworks",
				);
				PRODUCT_BUNDLE_IDENTIFIER = com.alexis.GarageOpener;
				PRODUCT_NAME = "$(TARGET_NAME)";
				SWIFT_VERSION = 5.0;
				TARGETED_DEVICE_FAMILY = "1,2";
			};
			name = Debug;
		};
		A737D7B224BE0338000B375D /* Release */ = {
			isa = XCBuildConfiguration;
			buildSettings = {
				ASSETCATALOG_COMPILER_APPICON_NAME = AppIcon;
				CODE_SIGN_STYLE = Automatic;
				DEVELOPMENT_TEAM = WSWMU42858;
				INFOPLIST_FILE = GarageOpener/Info.plist;
				LD_RUNPATH_SEARCH_PATHS = (
					"$(inherited)",
					"@executable_path/Frameworks",
				);
				PRODUCT_BUNDLE_IDENTIFIER = com.alexis.GarageOpener;
				PRODUCT_NAME = "$(TARGET_NAME)";
				SWIFT_VERSION = 5.0;
				TARGETED_DEVICE_FAMILY = "1,2";
			};
			name = Release;
		};
/* End XCBuildConfiguration section */

/* Begin XCConfigurationList section */
		A737D79724BE0336000B375D /* Build configuration list for PBXProject "GarageOpener" */ = {
			isa = XCConfigurationList;
			buildConfigurations = (
				A737D7AE24BE0338000B375D /* Debug */,
				A737D7AF24BE0338000B375D /* Release */,
			);
			defaultConfigurationIsVisible = 0;
			defaultConfigurationName = Release;
		};
		A737D7B024BE0338000B375D /* Build configuration list for PBXNativeTarget "GarageOpener" */ = {
			isa = XCConfigurationList;
			buildConfigurations = (
				A737D7B124BE0338000B375D /* Debug */,
				A737D7B224BE0338000B375D /* Release */,
			);
			defaultConfigurationIsVisible = 0;
			defaultConfigurationName = Release;
		};
/* End XCConfigurationList section */
	};
	rootObject = A737D79424BE0336000B375D /* Project object */;
}
